
Microsoft Visual Studio Solution File, Format Version 12.00
# Visual Studio Version 16
VisualStudioVersion = 16.0.33328.57
MinimumVisualStudioVersion = 10.0.40219.1
Project("{FAE04EC0-301F-11D3-BF4B-00C04F79EFBC}") = "WebApplication_Test", "WebApplication_Test\WebApplication_Test.csproj", "{7CE90F51-151A-4688-942A-57CCD64BA235}"
EndProject
Global
	GlobalSection(SolutionConfigurationPlatforms) = preSolution
		Debug|Any CPU = Debug|Any CPU
		Release|Any CPU = Release|Any CPU
	EndGlobalSection
	GlobalSection(ProjectConfigurationPlatforms) = postSolution
		{7CE90F51-151A-4688-942A-57CCD64BA235}.Debug|Any CPU.ActiveCfg = Debug|Any CPU
		{7CE90F51-151A-4688-942A-57CCD64BA235}.Debug|Any CPU.Build.0 = Debug|Any CPU
		{7CE90F51-151A-4688-942A-57CCD64BA235}.Release|Any CPU.ActiveCfg = Release|Any CPU
		{7CE90F51-151A-4688-942A-57CCD64BA235}.Release|Any CPU.Build.0 = Release|Any CPU
	EndGlobalSection
	GlobalSection(SolutionProperties) = preSolution
		HideSolutionNode = FALSE
	EndGlobalSection
	GlobalSection(ExtensibilityGlobals) = postSolution
		SolutionGuid = {34EEA2A9-D460-4ABF-BC9C-67F4B11AA9DA}
	EndGlobalSection
EndGlobal
